// !$*UTF8*$!
{
	archiveVersion = 1;
	classes = {
	};
	objectVersion = 46;
	objects = {

/* Begin PBXBuildFile section */
		3309ED2E1411D2FF00B090E0 /* UIKit.framework in Frameworks */ = {isa = PBXBuildFile; fileRef = 3309ED2D1411D2FF00B090E0 /* UIKit.framework */; };
		3309ED301411D2FF00B090E0 /* Foundation.framework in Frameworks */ = {isa = PBXBuildFile; fileRef = 3309ED2F1411D2FF00B090E0 /* Foundation.framework */; };
		3309ED321411D2FF00B090E0 /* CoreGraphics.framework in Frameworks */ = {isa = PBXBuildFile; fileRef = 3309ED311411D2FF00B090E0 /* CoreGraphics.framework */; };
		3309ED381411D2FF00B090E0 /* InfoPlist.strings in Resources */ = {isa = PBXBuildFile; fileRef = 3309ED361411D2FF00B090E0 /* InfoPlist.strings */; };
		3309ED3B1411D2FF00B090E0 /* main.m in Sources */ = {isa = PBXBuildFile; fileRef = 3309ED3A1411D2FF00B090E0 /* main.m */; };
		3309ED3E1411D2FF00B090E0 /* DummiePrjAppDelegate.m in Sources */ = {isa = PBXBuildFile; fileRef = 3309ED3D1411D2FF00B090E0 /* DummiePrjAppDelegate.m */; };
		3309ED411411D2FF00B090E0 /* MainWindow.xib in Resources */ = {isa = PBXBuildFile; fileRef = 3309ED3F1411D2FF00B090E0 /* MainWindow.xib */; };
/* End PBXBuildFile section */

/* Begin PBXFileReference section */
		3309ED291411D2FF00B090E0 /* DummiePrj.app */ = {isa = PBXFileReference; explicitFileType = wrapper.application; includeInIndex = 0; path = DummiePrj.app; sourceTree = BUILT_PRODUCTS_DIR; };
		3309ED2D1411D2FF00B090E0 /* UIKit.framework */ = {isa = PBXFileReference; lastKnownFileType = wrapper.framework; name = UIKit.framework; path = System/Library/Frameworks/UIKit.framework; sourceTree = SDKROOT; };
		3309ED2F1411D2FF00B090E0 /* Foundation.framework */ = {isa = PBXFileReference; lastKnownFileType = wrapper.framework; name = Foundation.framework; path = System/Library/Frameworks/Foundation.framework; sourceTree = SDKROOT; };
		3309ED311411D2FF00B090E0 /* CoreGraphics.framework */ = {isa = PBXFileReference; lastKnownFileType = wrapper.framework; name = CoreGraphics.framework; path = System/Library/Frameworks/CoreGraphics.framework; sourceTree = SDKROOT; };
		3309ED351411D2FF00B090E0 /* DummiePrj-Info.plist */ = {isa = PBXFileReference; lastKnownFileType = text.plist.xml; path = "DummiePrj-Info.plist"; sourceTree = "<group>"; };
		3309ED371411D2FF00B090E0 /* en */ = {isa = PBXFileReference; lastKnownFileType = text.plist.strings; name = en; path = en.lproj/InfoPlist.strings; sourceTree = "<group>"; };
		3309ED391411D2FF00B090E0 /* DummiePrj-Prefix.pch */ = {isa = PBXFileReference; lastKnownFileType = sourcecode.c.h; path = "DummiePrj-Prefix.pch"; sourceTree = "<group>"; };
		3309ED3A1411D2FF00B090E0 /* main.m */ = {isa = PBXFileReference; lastKnownFileType = sourcecode.c.objc; path = main.m; sourceTree = "<group>"; };
		3309ED3C1411D2FF00B090E0 /* DummiePrjAppDelegate.h */ = {isa = PBXFileReference; lastKnownFileType = sourcecode.c.h; path = DummiePrjAppDelegate.h; sourceTree = "<group>"; };
		3309ED3D1411D2FF00B090E0 /* DummiePrjAppDelegate.m */ = {isa = PBXFileReference; lastKnownFileType = sourcecode.c.objc; path = DummiePrjAppDelegate.m; sourceTree = "<group>"; };
		3309ED401411D2FF00B090E0 /* en */ = {isa = PBXFileReference; lastKnownFileType = file.xib; name = en; path = en.lproj/MainWindow.xib; sourceTree = "<group>"; };
/* End PBXFileReference section */

/* Begin PBXFrameworksBuildPhase section */
		3309ED261411D2FF00B090E0 /* Frameworks */ = {
			isa = PBXFrameworksBuildPhase;
			buildActionMask = 2147483647;
			files = (
				3309ED2E1411D2FF00B090E0 /* UIKit.framework in Frameworks */,
				3309ED301411D2FF00B090E0 /* Foundation.framework in Frameworks */,
				3309ED321411D2FF00B090E0 /* CoreGraphics.framework in Frameworks */,
			);
			runOnlyForDeploymentPostprocessing = 0;
		};
/* End PBXFrameworksBuildPhase section */

/* Begin PBXGroup section */
		3309ED1E1411D2FF00B090E0 = {
			isa = PBXGroup;
			children = (
				3309ED331411D2FF00B090E0 /* DummiePrj */,
				3309ED2C1411D2FF00B090E0 /* Frameworks */,
				3309ED2A1411D2FF00B090E0 /* Products */,
			);
			sourceTree = "<group>";
		};
		3309ED2A1411D2FF00B090E0 /* Products */ = {
			isa = PBXGroup;
			children = (
				3309ED291411D2FF00B090E0 /* DummiePrj.app */,
			);
			name = Products;
			sourceTree = "<group>";
		};
		3309ED2C1411D2FF00B090E0 /* Frameworks */ = {
			isa = PBXGroup;
			children = (
				3309ED2D1411D2FF00B090E0 /* UIKit.framework */,
				3309ED2F1411D2FF00B090E0 /* Foundation.framework */,
				3309ED311411D2FF00B090E0 /* CoreGraphics.framework */,
			);
			name = Frameworks;
			sourceTree = "<group>";
		};
		3309ED331411D2FF00B090E0 /* DummiePrj */ = {
			isa = PBXGroup;
			children = (
				3309ED3C1411D2FF00B090E0 /* DummiePrjAppDelegate.h */,
				3309ED3D1411D2FF00B090E0 /* DummiePrjAppDelegate.m */,
				3309ED3F1411D2FF00B090E0 /* MainWindow.xib */,
				3309ED341411D2FF00B090E0 /* Supporting Files */,
			);
			path = DummiePrj;
			sourceTree = "<group>";
		};
		3309ED341411D2FF00B090E0 /* Supporting Files */ = {
			isa = PBXGroup;
			children = (
				3309ED351411D2FF00B090E0 /* DummiePrj-Info.plist */,
				3309ED361411D2FF00B090E0 /* InfoPlist.strings */,
				3309ED391411D2FF00B090E0 /* DummiePrj-Prefix.pch */,
				3309ED3A1411D2FF00B090E0 /* main.m */,
			);
			name = "Supporting Files";
			sourceTree = "<group>";
		};
/* End PBXGroup section */

/* Begin PBXNativeTarget section */
		3309ED281411D2FF00B090E0 /* DummiePrj */ = {
			isa = PBXNativeTarget;
			buildConfigurationList = 3309ED441411D2FF00B090E0 /* Build configuration list for PBXNativeTarget "DummiePrj" */;
			buildPhases = (
				3309ED251411D2FF00B090E0 /* Sources */,
				3309ED261411D2FF00B090E0 /* Frameworks */,
				3309ED271411D2FF00B090E0 /* Resources */,
			);
			buildRules = (
			);
			dependencies = (
			);
			name = DummiePrj;
			productName = DummiePrj;
			productReference = 3309ED291411D2FF00B090E0 /* DummiePrj.app */;
			productType = "com.apple.product-type.application";
		};
/* End PBXNativeTarget section */

/* Begin PBXProject section */
		3309ED201411D2FF00B090E0 /* Project object */ = {
			isa = PBXProject;
			attributes = {
				ORGANIZATIONNAME = RSU;
			};
			buildConfigurationList = 3309ED231411D2FF00B090E0 /* Build configuration list for PBXProject "DummiePrj" */;
			compatibilityVersion = "Xcode 3.2";
			developmentRegion = English;
			hasScannedForEncodings = 0;
			knownRegions = (
				en,
			);
			mainGroup = 3309ED1E1411D2FF00B090E0;
			productRefGroup = 3309ED2A1411D2FF00B090E0 /* Products */;
			projectDirPath = "";
			projectRoot = "";
			targets = (
				3309ED281411D2FF00B090E0 /* DummiePrj */,
			);
		};
/* End PBXProject section */

/* Begin PBXResourcesBuildPhase section */
		3309ED271411D2FF00B090E0 /* Resources */ = {
			isa = PBXResourcesBuildPhase;
			buildActionMask = 2147483647;
			files = (
				3309ED381411D2FF00B090E0 /* InfoPlist.strings in Resources */,
				3309ED411411D2FF00B090E0 /* MainWindow.xib in Resources */,
			);
			runOnlyForDeploymentPostprocessing = 0;
		};
/* End PBXResourcesBuildPhase section */

/* Begin PBXSourcesBuildPhase section */
		3309ED251411D2FF00B090E0 /* Sources */ = {
			isa = PBXSourcesBuildPhase;
			buildActionMask = 2147483647;
			files = (
				3309ED3B1411D2FF00B090E0 /* main.m in Sources */,
				3309ED3E1411D2FF00B090E0 /* DummiePrjAppDelegate.m in Sources */,
			);
			runOnlyForDeploymentPostprocessing = 0;
		};
/* End PBXSourcesBuildPhase section */

/* Begin PBXVariantGroup section */
		3309ED361411D2FF00B090E0 /* InfoPlist.strings */ = {
			isa = PBXVariantGroup;
			children = (
				3309ED371411D2FF00B090E0 /* en */,
			);
			name = InfoPlist.strings;
			sourceTree = "<group>";
		};
		3309ED3F1411D2FF00B090E0 /* MainWindow.xib */ = {
			isa = PBXVariantGroup;
			children = (
				3309ED401411D2FF00B090E0 /* en */,
			);
			name = MainWindow.xib;
			sourceTree = "<group>";
		};
/* End PBXVariantGroup section */

/* Begin XCBuildConfiguration section */
		3309ED421411D2FF00B090E0 /* Debug */ = {
			isa = XCBuildConfiguration;
			buildSettings = {
				ARCHS = "$(ARCHS_STANDARD_32_BIT)";
				"CODE_SIGN_IDENTITY[sdk=iphoneos*]" = "iPhone Developer";
				GCC_C_LANGUAGE_STANDARD = gnu99;
				GCC_OPTIMIZATION_LEVEL = 0;
				GCC_PREPROCESSOR_DEFINITIONS = DEBUG;
				GCC_SYMBOLS_PRIVATE_EXTERN = NO;
				GCC_VERSION = com.apple.compilers.llvmgcc42;
				GCC_WARN_ABOUT_RETURN_TYPE = YES;
				GCC_WARN_UNUSED_VARIABLE = YES;
				IPHONEOS_DEPLOYMENT_TARGET = 4.3;
				SDKROOT = iphoneos;
			};
			name = Debug;
		};
		3309ED431411D2FF00B090E0 /* Release */ = {
			isa = XCBuildConfiguration;
			buildSettings = {
				ARCHS = "$(ARCHS_STANDARD_32_BIT)";
				"CODE_SIGN_IDENTITY[sdk=iphoneos*]" = "iPhone Developer";
				GCC_C_LANGUAGE_STANDARD = gnu99;
				GCC_VERSION = com.apple.compilers.llvmgcc42;
				GCC_WARN_ABOUT_RETURN_TYPE = YES;
				GCC_WARN_UNUSED_VARIABLE = YES;
				IPHONEOS_DEPLOYMENT_TARGET = 4.3;
				OTHER_CFLAGS = "-DNS_BLOCK_ASSERTIONS=1";
				SDKROOT = iphoneos;
			};
			name = Release;
		};
		3309ED451411D2FF00B090E0 /* Debug */ = {
			isa = XCBuildConfiguration;
			buildSettings = {
				ALWAYS_SEARCH_USER_PATHS = NO;
				COPY_PHASE_STRIP = NO;
				GCC_DYNAMIC_NO_PIC = NO;
				GCC_PRECOMPILE_PREFIX_HEADER = YES;
				GCC_PREFIX_HEADER = "DummiePrj/DummiePrj-Prefix.pch";
				INFOPLIST_FILE = "DummiePrj/DummiePrj-Info.plist";
				PRODUCT_NAME = "$(TARGET_NAME)";
				WRAPPER_EXTENSION = app;
			};
			name = Debug;
		};
		3309ED461411D2FF00B090E0 /* Release */ = {
			isa = XCBuildConfiguration;
			buildSettings = {
				ALWAYS_SEARCH_USER_PATHS = NO;
				COPY_PHASE_STRIP = YES;
				GCC_PRECOMPILE_PREFIX_HEADER = YES;
				GCC_PREFIX_HEADER = "DummiePrj/DummiePrj-Prefix.pch";
				INFOPLIST_FILE = "DummiePrj/DummiePrj-Info.plist";
				PRODUCT_NAME = "$(TARGET_NAME)";
				VALIDATE_PRODUCT = YES;
				WRAPPER_EXTENSION = app;
			};
			name = Release;
		};
/* End XCBuildConfiguration section */

/* Begin XCConfigurationList section */
		3309ED231411D2FF00B090E0 /* Build configuration list for PBXProject "DummiePrj" */ = {
			isa = XCConfigurationList;
			buildConfigurations = (
				3309ED421411D2FF00B090E0 /* Debug */,
				3309ED431411D2FF00B090E0 /* Release */,
			);
			defaultConfigurationIsVisible = 0;
			defaultConfigurationName = Release;
		};
		3309ED441411D2FF00B090E0 /* Build configuration list for PBXNativeTarget "DummiePrj" */ = {
			isa = XCConfigurationList;
			buildConfigurations = (
				3309ED451411D2FF00B090E0 /* Debug */,
				3309ED461411D2FF00B090E0 /* Release */,
			);
			defaultConfigurationIsVisible = 0;
		};
/* End XCConfigurationList section */
	};
	rootObject = 3309ED201411D2FF00B090E0 /* Project object */;
}
